
Microsoft Visual Studio Solution File, Format Version 12.00
# Visual Studio 15
VisualStudioVersion = 15.0.27130.2010
MinimumVisualStudioVersion = 10.0.40219.1
Project("{FAE04EC0-301F-11D3-BF4B-00C04F79EFBC}") = "Collections", "Collections\Collections.csproj", "{8BFC2D31-26C1-4615-ACC3-690FAF16A502}"
EndProject
Project("{FAE04EC0-301F-11D3-BF4B-00C04F79EFBC}") = "XUnitTestProject1", "XUnitTestProject1\XUnitTestProject1.csproj", "{3D94E9D5-7457-40FD-90AD-E9627251D21F}"
EndProject
Global
	GlobalSection(SolutionConfigurationPlatforms) = preSolution
		Debug|Any CPU = Debug|Any CPU
		Release|Any CPU = Release|Any CPU
	EndGlobalSection
	GlobalSection(ProjectConfigurationPlatforms) = postSolution
		{8BFC2D31-26C1-4615-ACC3-690FAF16A502}.Debug|Any CPU.ActiveCfg = Debug|Any CPU
		{8BFC2D31-26C1-4615-ACC3-690FAF16A502}.Debug|Any CPU.Build.0 = Debug|Any CPU
		{8BFC2D31-26C1-4615-ACC3-690FAF16A502}.Release|Any CPU.ActiveCfg = Release|Any CPU
		{8BFC2D31-26C1-4615-ACC3-690FAF16A502}.Release|Any CPU.Build.0 = Release|Any CPU
		{3D94E9D5-7457-40FD-90AD-E9627251D21F}.Debug|Any CPU.ActiveCfg = Debug|Any CPU
		{3D94E9D5-7457-40FD-90AD-E9627251D21F}.Debug|Any CPU.Build.0 = Debug|Any CPU
		{3D94E9D5-7457-40FD-90AD-E9627251D21F}.Release|Any CPU.ActiveCfg = Release|Any CPU
		{3D94E9D5-7457-40FD-90AD-E9627251D21F}.Release|Any CPU.Build.0 = Release|Any CPU
	EndGlobalSection
	GlobalSection(SolutionProperties) = preSolution
		HideSolutionNode = FALSE
	EndGlobalSection
	GlobalSection(ExtensibilityGlobals) = postSolution
		SolutionGuid = {17C156F2-9859-49FF-ADFB-02081656B562}
	EndGlobalSection
EndGlobal
