
Microsoft Visual Studio Solution File, Format Version 12.00
# Visual Studio 15
VisualStudioVersion = 15.0.27130.2010
MinimumVisualStudioVersion = 10.0.40219.1
Project("{9A19103F-16F7-4668-BE54-9A1E7A4F7556}") = "CustomCollection", "CustomCollection\CustomCollection.csproj", "{6BEE06ED-987E-4FBA-BA70-932F9F34A826}"
EndProject
Project("{FAE04EC0-301F-11D3-BF4B-00C04F79EFBC}") = "XUnitTestCollection", "XUnitTestCollection\XUnitTestCollection.csproj", "{B31A80C9-84D6-4AB4-8492-8EE8E39E3324}"
EndProject
Global
	GlobalSection(SolutionConfigurationPlatforms) = preSolution
		Debug|Any CPU = Debug|Any CPU
		Release|Any CPU = Release|Any CPU
	EndGlobalSection
	GlobalSection(ProjectConfigurationPlatforms) = postSolution
		{6BEE06ED-987E-4FBA-BA70-932F9F34A826}.Debug|Any CPU.ActiveCfg = Debug|Any CPU
		{6BEE06ED-987E-4FBA-BA70-932F9F34A826}.Debug|Any CPU.Build.0 = Debug|Any CPU
		{6BEE06ED-987E-4FBA-BA70-932F9F34A826}.Release|Any CPU.ActiveCfg = Release|Any CPU
		{6BEE06ED-987E-4FBA-BA70-932F9F34A826}.Release|Any CPU.Build.0 = Release|Any CPU
		{B31A80C9-84D6-4AB4-8492-8EE8E39E3324}.Debug|Any CPU.ActiveCfg = Debug|Any CPU
		{B31A80C9-84D6-4AB4-8492-8EE8E39E3324}.Debug|Any CPU.Build.0 = Debug|Any CPU
		{B31A80C9-84D6-4AB4-8492-8EE8E39E3324}.Release|Any CPU.ActiveCfg = Release|Any CPU
		{B31A80C9-84D6-4AB4-8492-8EE8E39E3324}.Release|Any CPU.Build.0 = Release|Any CPU
	EndGlobalSection
	GlobalSection(SolutionProperties) = preSolution
		HideSolutionNode = FALSE
	EndGlobalSection
	GlobalSection(ExtensibilityGlobals) = postSolution
		SolutionGuid = {5FBC7E45-DC38-425D-B51B-7F544FABD971}
	EndGlobalSection
EndGlobal
